
Microsoft Visual Studio Solution File, Format Version 12.00
# Visual Studio 15
VisualStudioVersion = 15.0.28307.572
MinimumVisualStudioVersion = 10.0.40219.1
Project("{FAE04EC0-301F-11D3-BF4B-00C04F79EFBC}") = "DotnetCommon", "DotnetCommon\DotnetCommon.csproj", "{E4DB5D7F-2D39-4ED6-9337-2A865BFACEE6}"
EndProject
Project("{FAE04EC0-301F-11D3-BF4B-00C04F79EFBC}") = "DotnetCommon.Tests", "DotnetCommon.Tests\DotnetCommon.Tests.csproj", "{B1253B99-C61F-4E04-88CC-F0E1F9C0B878}"
EndProject
Global
	GlobalSection(SolutionConfigurationPlatforms) = preSolution
		Debug|Any CPU = Debug|Any CPU
		Release|Any CPU = Release|Any CPU
	EndGlobalSection
	GlobalSection(ProjectConfigurationPlatforms) = postSolution
		{E4DB5D7F-2D39-4ED6-9337-2A865BFACEE6}.Debug|Any CPU.ActiveCfg = Debug|Any CPU
		{E4DB5D7F-2D39-4ED6-9337-2A865BFACEE6}.Debug|Any CPU.Build.0 = Debug|Any CPU
		{E4DB5D7F-2D39-4ED6-9337-2A865BFACEE6}.Release|Any CPU.ActiveCfg = Release|Any CPU
		{E4DB5D7F-2D39-4ED6-9337-2A865BFACEE6}.Release|Any CPU.Build.0 = Release|Any CPU
		{B1253B99-C61F-4E04-88CC-F0E1F9C0B878}.Debug|Any CPU.ActiveCfg = Debug|Any CPU
		{B1253B99-C61F-4E04-88CC-F0E1F9C0B878}.Debug|Any CPU.Build.0 = Debug|Any CPU
		{B1253B99-C61F-4E04-88CC-F0E1F9C0B878}.Release|Any CPU.ActiveCfg = Release|Any CPU
		{B1253B99-C61F-4E04-88CC-F0E1F9C0B878}.Release|Any CPU.Build.0 = Release|Any CPU
	EndGlobalSection
	GlobalSection(SolutionProperties) = preSolution
		HideSolutionNode = FALSE
	EndGlobalSection
	GlobalSection(ExtensibilityGlobals) = postSolution
		SolutionGuid = {7D480CA5-F28D-4D4C-B770-0405A948BB94}
	EndGlobalSection
EndGlobal
